
Microsoft Visual Studio Solution File, Format Version 12.00
# Visual Studio Version 17
VisualStudioVersion = 17.7.34221.43
MinimumVisualStudioVersion = 10.0.40219.1
Project("{FAE04EC0-301F-11D3-BF4B-00C04F79EFBC}") = "Clock", "Clock.csproj", "{04B502C5-8478-4F1F-820D-2CC614B29D2A}"
EndProject
Global
	GlobalSection(SolutionConfigurationPlatforms) = preSolution
		Debug|Any CPU = Debug|Any CPU
		Release|Any CPU = Release|Any CPU
	EndGlobalSection
	GlobalSection(ProjectConfigurationPlatforms) = postSolution
		{04B502C5-8478-4F1F-820D-2CC614B29D2A}.Debug|Any CPU.ActiveCfg = Debug|Any CPU
		{04B502C5-8478-4F1F-820D-2CC614B29D2A}.Debug|Any CPU.Build.0 = Debug|Any CPU
		{04B502C5-8478-4F1F-820D-2CC614B29D2A}.Release|Any CPU.ActiveCfg = Release|Any CPU
		{04B502C5-8478-4F1F-820D-2CC614B29D2A}.Release|Any CPU.Build.0 = Release|Any CPU
	EndGlobalSection
	GlobalSection(SolutionProperties) = preSolution
		HideSolutionNode = FALSE
	EndGlobalSection
	GlobalSection(ExtensibilityGlobals) = postSolution
		SolutionGuid = {2A3240C0-E4FD-45E8-84C9-8D721EF34927}
	EndGlobalSection
EndGlobal
